
Microsoft Visual Studio Solution File, Format Version 12.00
# Visual Studio 14
VisualStudioVersion = 14.0.25420.1
MinimumVisualStudioVersion = 10.0.40219.1
Project("{8BB2217D-0F2D-49D1-97BC-3654ED321F3B}") = "AspNetCore.Totp", "AspNetCore.Totp\AspNetCore.Totp.xproj", "{A3EFBC99-B91B-4E09-9573-732079E328EA}"
EndProject
Project("{8BB2217D-0F2D-49D1-97BC-3654ED321F3B}") = "AspNetCore.Totp.Tests", "AspNetCore.Totp.Tests\AspNetCore.Totp.Tests.xproj", "{630CCA83-8415-4BFF-BB3D-A5D486852B7F}"
EndProject
Project("{2150E333-8FDC-42A3-9474-1A3956D46DE8}") = "Solution Items", "Solution Items", "{288936D4-8861-4D6A-9C98-9C8BA0647271}"
	ProjectSection(SolutionItems) = preProject
		global.json = global.json
	EndProjectSection
EndProject
Global
	GlobalSection(SolutionConfigurationPlatforms) = preSolution
		Debug|Any CPU = Debug|Any CPU
		Release|Any CPU = Release|Any CPU
	EndGlobalSection
	GlobalSection(ProjectConfigurationPlatforms) = postSolution
		{A3EFBC99-B91B-4E09-9573-732079E328EA}.Debug|Any CPU.ActiveCfg = Debug|Any CPU
		{A3EFBC99-B91B-4E09-9573-732079E328EA}.Debug|Any CPU.Build.0 = Debug|Any CPU
		{A3EFBC99-B91B-4E09-9573-732079E328EA}.Release|Any CPU.ActiveCfg = Release|Any CPU
		{A3EFBC99-B91B-4E09-9573-732079E328EA}.Release|Any CPU.Build.0 = Release|Any CPU
		{630CCA83-8415-4BFF-BB3D-A5D486852B7F}.Debug|Any CPU.ActiveCfg = Debug|Any CPU
		{630CCA83-8415-4BFF-BB3D-A5D486852B7F}.Debug|Any CPU.Build.0 = Debug|Any CPU
		{630CCA83-8415-4BFF-BB3D-A5D486852B7F}.Release|Any CPU.ActiveCfg = Release|Any CPU
		{630CCA83-8415-4BFF-BB3D-A5D486852B7F}.Release|Any CPU.Build.0 = Release|Any CPU
	EndGlobalSection
	GlobalSection(SolutionProperties) = preSolution
		HideSolutionNode = FALSE
	EndGlobalSection
EndGlobal
